
Microsoft Visual Studio Solution File, Format Version 12.00
Project("{FAE04EC0-301F-11D3-BF4B-00C04F79EFBC}") = "Home_Work_1", "Home_Work_1\Home_Work_1\Home_Work_1.csproj", "{B43E3054-AE87-45D5-92A7-DEBD9D56AE85}"
EndProject
Project("{FAE04EC0-301F-11D3-BF4B-00C04F79EFBC}") = "Home_Work_1_Tests", "Home_Work_1\Home_Work_1_Tests\Home_Work_1_Tests.csproj", "{6D75E6A8-51B9-4C5C-8B58-EB3576CBEED6}"
EndProject
Project("{FAE04EC0-301F-11D3-BF4B-00C04F79EFBC}") = "ILzxc", "ILzxc\ILzxc.ilproj", "{D1C94148-0126-4D28-A05E-3441FFB796EC}"
EndProject
Project("{F2A71F9B-5D33-465A-A702-920D77279786}") = "FSLibrary", "FSLibrary\FSLibrary.fsproj", "{9410254E-A4C6-4565-B7DD-1AA7E16E7ED8}"
EndProject
Global
	GlobalSection(SolutionConfigurationPlatforms) = preSolution
		Debug|Any CPU = Debug|Any CPU
		Release|Any CPU = Release|Any CPU
	EndGlobalSection
	GlobalSection(ProjectConfigurationPlatforms) = postSolution
		{B43E3054-AE87-45D5-92A7-DEBD9D56AE85}.Debug|Any CPU.ActiveCfg = Debug|Any CPU
		{B43E3054-AE87-45D5-92A7-DEBD9D56AE85}.Debug|Any CPU.Build.0 = Debug|Any CPU
		{B43E3054-AE87-45D5-92A7-DEBD9D56AE85}.Release|Any CPU.ActiveCfg = Release|Any CPU
		{B43E3054-AE87-45D5-92A7-DEBD9D56AE85}.Release|Any CPU.Build.0 = Release|Any CPU
		{6D75E6A8-51B9-4C5C-8B58-EB3576CBEED6}.Debug|Any CPU.ActiveCfg = Debug|Any CPU
		{6D75E6A8-51B9-4C5C-8B58-EB3576CBEED6}.Debug|Any CPU.Build.0 = Debug|Any CPU
		{6D75E6A8-51B9-4C5C-8B58-EB3576CBEED6}.Release|Any CPU.ActiveCfg = Release|Any CPU
		{6D75E6A8-51B9-4C5C-8B58-EB3576CBEED6}.Release|Any CPU.Build.0 = Release|Any CPU
		{D1C94148-0126-4D28-A05E-3441FFB796EC}.Debug|Any CPU.ActiveCfg = Debug|Any CPU
		{D1C94148-0126-4D28-A05E-3441FFB796EC}.Debug|Any CPU.Build.0 = Debug|Any CPU
		{D1C94148-0126-4D28-A05E-3441FFB796EC}.Release|Any CPU.ActiveCfg = Release|Any CPU
		{D1C94148-0126-4D28-A05E-3441FFB796EC}.Release|Any CPU.Build.0 = Release|Any CPU
		{9410254E-A4C6-4565-B7DD-1AA7E16E7ED8}.Debug|Any CPU.ActiveCfg = Debug|Any CPU
		{9410254E-A4C6-4565-B7DD-1AA7E16E7ED8}.Debug|Any CPU.Build.0 = Debug|Any CPU
		{9410254E-A4C6-4565-B7DD-1AA7E16E7ED8}.Release|Any CPU.ActiveCfg = Release|Any CPU
		{9410254E-A4C6-4565-B7DD-1AA7E16E7ED8}.Release|Any CPU.Build.0 = Release|Any CPU
	EndGlobalSection
EndGlobal
