
Microsoft Visual Studio Solution File, Format Version 12.00
Project("{FAE04EC0-301F-11D3-BF4B-00C04F79EFBC}") = "HW8_DI", "..\HW8_DI\HW8_DI\HW8_DI.csproj", "{CA0814FC-73A2-4D1C-AF13-64538202675D}"
EndProject
Project("{F2A71F9B-5D33-465A-A702-920D77279786}") = "HW6Giraffe", "..\HW6Giraffe\HW6Giraffe.fsproj", "{86BFE6A7-0C46-4E8B-B7BC-3F1D2E2F8699}"
EndProject
Project("{FAE04EC0-301F-11D3-BF4B-00C04F79EFBC}") = "HW12Perfomance", "..\HW12Perfomance\HW12Perfomance.csproj", "{F6F8CF08-E934-482E-9A36-7AAB1F24CFFB}"
EndProject
Global
	GlobalSection(SolutionConfigurationPlatforms) = preSolution
		Debug|Any CPU = Debug|Any CPU
		Release|Any CPU = Release|Any CPU
	EndGlobalSection
	GlobalSection(ProjectConfigurationPlatforms) = postSolution
		{CA0814FC-73A2-4D1C-AF13-64538202675D}.Debug|Any CPU.ActiveCfg = Debug|Any CPU
		{CA0814FC-73A2-4D1C-AF13-64538202675D}.Debug|Any CPU.Build.0 = Debug|Any CPU
		{CA0814FC-73A2-4D1C-AF13-64538202675D}.Release|Any CPU.ActiveCfg = Release|Any CPU
		{CA0814FC-73A2-4D1C-AF13-64538202675D}.Release|Any CPU.Build.0 = Release|Any CPU
		{86BFE6A7-0C46-4E8B-B7BC-3F1D2E2F8699}.Debug|Any CPU.ActiveCfg = Debug|Any CPU
		{86BFE6A7-0C46-4E8B-B7BC-3F1D2E2F8699}.Debug|Any CPU.Build.0 = Debug|Any CPU
		{86BFE6A7-0C46-4E8B-B7BC-3F1D2E2F8699}.Release|Any CPU.ActiveCfg = Release|Any CPU
		{86BFE6A7-0C46-4E8B-B7BC-3F1D2E2F8699}.Release|Any CPU.Build.0 = Release|Any CPU
		{F6F8CF08-E934-482E-9A36-7AAB1F24CFFB}.Debug|Any CPU.ActiveCfg = Debug|Any CPU
		{F6F8CF08-E934-482E-9A36-7AAB1F24CFFB}.Debug|Any CPU.Build.0 = Debug|Any CPU
		{F6F8CF08-E934-482E-9A36-7AAB1F24CFFB}.Release|Any CPU.ActiveCfg = Release|Any CPU
		{F6F8CF08-E934-482E-9A36-7AAB1F24CFFB}.Release|Any CPU.Build.0 = Release|Any CPU
	EndGlobalSection
EndGlobal
