
Microsoft Visual Studio Solution File, Format Version 12.00
Project("{FAE04EC0-301F-11D3-BF4B-00C04F79EFBC}") = "HW9ExpressionTrees", "HW9ExpressionTrees\HW9ExpressionTrees.csproj", "{24D34EE4-CF50-4774-89EA-A89CC4286BA1}"
EndProject
Global
	GlobalSection(SolutionConfigurationPlatforms) = preSolution
		Debug|Any CPU = Debug|Any CPU
		Release|Any CPU = Release|Any CPU
	EndGlobalSection
	GlobalSection(ProjectConfigurationPlatforms) = postSolution
		{24D34EE4-CF50-4774-89EA-A89CC4286BA1}.Debug|Any CPU.ActiveCfg = Debug|Any CPU
		{24D34EE4-CF50-4774-89EA-A89CC4286BA1}.Debug|Any CPU.Build.0 = Debug|Any CPU
		{24D34EE4-CF50-4774-89EA-A89CC4286BA1}.Release|Any CPU.ActiveCfg = Release|Any CPU
		{24D34EE4-CF50-4774-89EA-A89CC4286BA1}.Release|Any CPU.Build.0 = Release|Any CPU
	EndGlobalSection
EndGlobal
